
Microsoft Visual Studio Solution File, Format Version 12.00
# Visual Studio Version 16
VisualStudioVersion = 16.0.30914.41
MinimumVisualStudioVersion = 10.0.40219.1
Project("{9A19103F-16F7-4668-BE54-9A1E7A4F7556}") = "ReCapProject1", "ReCapProject1\ReCapProject1.csproj", "{345FA828-7E41-4D1D-BE50-0B1FBB3076F9}"
EndProject
Project("{9A19103F-16F7-4668-BE54-9A1E7A4F7556}") = "ReCapProject1.Business", "ReCapProject1.Business\ReCapProject1.Business.csproj", "{1F00ACD1-2626-4ED2-8742-4444DB598790}"
EndProject
Project("{9A19103F-16F7-4668-BE54-9A1E7A4F7556}") = "ReCapProject1.DataAccess", "ReCapProject1.DataAccess\ReCapProject1.DataAccess.csproj", "{6392BBD7-2012-48D2-84AD-D5EB784C4761}"
EndProject
Project("{9A19103F-16F7-4668-BE54-9A1E7A4F7556}") = "ReCapProject1.Entities", "ReCapProject1.Entities\ReCapProject1.Entities.csproj", "{73AB6344-B1E5-4F93-B686-C72F343E1828}"
EndProject
Project("{9A19103F-16F7-4668-BE54-9A1E7A4F7556}") = "Core", "Core\Core.csproj", "{9F74551A-C93B-4159-A424-323275FF4094}"
EndProject
Project("{FAE04EC0-301F-11D3-BF4B-00C04F79EFBC}") = "WebAPI", "WebAPI\WebAPI.csproj", "{FF10823B-AFB4-40C3-BDAA-CB0E7C7C863D}"
EndProject
Global
	GlobalSection(SolutionConfigurationPlatforms) = preSolution
		Debug|Any CPU = Debug|Any CPU
		Release|Any CPU = Release|Any CPU
	EndGlobalSection
	GlobalSection(ProjectConfigurationPlatforms) = postSolution
		{345FA828-7E41-4D1D-BE50-0B1FBB3076F9}.Debug|Any CPU.ActiveCfg = Debug|Any CPU
		{345FA828-7E41-4D1D-BE50-0B1FBB3076F9}.Debug|Any CPU.Build.0 = Debug|Any CPU
		{345FA828-7E41-4D1D-BE50-0B1FBB3076F9}.Release|Any CPU.ActiveCfg = Release|Any CPU
		{345FA828-7E41-4D1D-BE50-0B1FBB3076F9}.Release|Any CPU.Build.0 = Release|Any CPU
		{1F00ACD1-2626-4ED2-8742-4444DB598790}.Debug|Any CPU.ActiveCfg = Debug|Any CPU
		{1F00ACD1-2626-4ED2-8742-4444DB598790}.Debug|Any CPU.Build.0 = Debug|Any CPU
		{1F00ACD1-2626-4ED2-8742-4444DB598790}.Release|Any CPU.ActiveCfg = Release|Any CPU
		{1F00ACD1-2626-4ED2-8742-4444DB598790}.Release|Any CPU.Build.0 = Release|Any CPU
		{6392BBD7-2012-48D2-84AD-D5EB784C4761}.Debug|Any CPU.ActiveCfg = Debug|Any CPU
		{6392BBD7-2012-48D2-84AD-D5EB784C4761}.Debug|Any CPU.Build.0 = Debug|Any CPU
		{6392BBD7-2012-48D2-84AD-D5EB784C4761}.Release|Any CPU.ActiveCfg = Release|Any CPU
		{6392BBD7-2012-48D2-84AD-D5EB784C4761}.Release|Any CPU.Build.0 = Release|Any CPU
		{73AB6344-B1E5-4F93-B686-C72F343E1828}.Debug|Any CPU.ActiveCfg = Debug|Any CPU
		{73AB6344-B1E5-4F93-B686-C72F343E1828}.Debug|Any CPU.Build.0 = Debug|Any CPU
		{73AB6344-B1E5-4F93-B686-C72F343E1828}.Release|Any CPU.ActiveCfg = Release|Any CPU
		{73AB6344-B1E5-4F93-B686-C72F343E1828}.Release|Any CPU.Build.0 = Release|Any CPU
		{9F74551A-C93B-4159-A424-323275FF4094}.Debug|Any CPU.ActiveCfg = Debug|Any CPU
		{9F74551A-C93B-4159-A424-323275FF4094}.Debug|Any CPU.Build.0 = Debug|Any CPU
		{9F74551A-C93B-4159-A424-323275FF4094}.Release|Any CPU.ActiveCfg = Release|Any CPU
		{9F74551A-C93B-4159-A424-323275FF4094}.Release|Any CPU.Build.0 = Release|Any CPU
		{FF10823B-AFB4-40C3-BDAA-CB0E7C7C863D}.Debug|Any CPU.ActiveCfg = Debug|Any CPU
		{FF10823B-AFB4-40C3-BDAA-CB0E7C7C863D}.Debug|Any CPU.Build.0 = Debug|Any CPU
		{FF10823B-AFB4-40C3-BDAA-CB0E7C7C863D}.Release|Any CPU.ActiveCfg = Release|Any CPU
		{FF10823B-AFB4-40C3-BDAA-CB0E7C7C863D}.Release|Any CPU.Build.0 = Release|Any CPU
	EndGlobalSection
	GlobalSection(SolutionProperties) = preSolution
		HideSolutionNode = FALSE
	EndGlobalSection
	GlobalSection(ExtensibilityGlobals) = postSolution
		SolutionGuid = {2D11AE71-CA5F-460C-A410-3B39DD11F1AC}
	EndGlobalSection
EndGlobal
